
Microsoft Visual Studio Solution File, Format Version 12.00
# Visual Studio Version 17
VisualStudioVersion = 17.3.32825.248
MinimumVisualStudioVersion = 10.0.40219.1
Project("{FAE04EC0-301F-11D3-BF4B-00C04F79EFBC}") = "4 день", "4 день.csproj", "{AB313B77-682D-40F7-85CF-4568FDCF4723}"
EndProject
Global
	GlobalSection(SolutionConfigurationPlatforms) = preSolution
		Debug|Any CPU = Debug|Any CPU
		Release|Any CPU = Release|Any CPU
	EndGlobalSection
	GlobalSection(ProjectConfigurationPlatforms) = postSolution
		{AB313B77-682D-40F7-85CF-4568FDCF4723}.Debug|Any CPU.ActiveCfg = Debug|Any CPU
		{AB313B77-682D-40F7-85CF-4568FDCF4723}.Debug|Any CPU.Build.0 = Debug|Any CPU
		{AB313B77-682D-40F7-85CF-4568FDCF4723}.Release|Any CPU.ActiveCfg = Release|Any CPU
		{AB313B77-682D-40F7-85CF-4568FDCF4723}.Release|Any CPU.Build.0 = Release|Any CPU
	EndGlobalSection
	GlobalSection(SolutionProperties) = preSolution
		HideSolutionNode = FALSE
	EndGlobalSection
	GlobalSection(ExtensibilityGlobals) = postSolution
		SolutionGuid = {755CBB8C-1A96-4E2A-BED4-7AB873B8500D}
	EndGlobalSection
EndGlobal
