
Microsoft Visual Studio Solution File, Format Version 12.00
# Visual Studio Version 17
VisualStudioVersion = 17.3.32825.248
MinimumVisualStudioVersion = 10.0.40219.1
Project("{FAE04EC0-301F-11D3-BF4B-00C04F79EFBC}") = "2зад", "2зад.csproj", "{5839274D-921F-42BD-BA2D-F8FE517ED520}"
EndProject
Global
	GlobalSection(SolutionConfigurationPlatforms) = preSolution
		Debug|Any CPU = Debug|Any CPU
		Release|Any CPU = Release|Any CPU
	EndGlobalSection
	GlobalSection(ProjectConfigurationPlatforms) = postSolution
		{5839274D-921F-42BD-BA2D-F8FE517ED520}.Debug|Any CPU.ActiveCfg = Debug|Any CPU
		{5839274D-921F-42BD-BA2D-F8FE517ED520}.Debug|Any CPU.Build.0 = Debug|Any CPU
		{5839274D-921F-42BD-BA2D-F8FE517ED520}.Release|Any CPU.ActiveCfg = Release|Any CPU
		{5839274D-921F-42BD-BA2D-F8FE517ED520}.Release|Any CPU.Build.0 = Release|Any CPU
	EndGlobalSection
	GlobalSection(SolutionProperties) = preSolution
		HideSolutionNode = FALSE
	EndGlobalSection
	GlobalSection(ExtensibilityGlobals) = postSolution
		SolutionGuid = {67998B1F-3F46-4A8C-ACB8-5285A577258C}
	EndGlobalSection
EndGlobal
