
Microsoft Visual Studio Solution File, Format Version 12.00
# Visual Studio Version 17
VisualStudioVersion = 17.3.32825.248
MinimumVisualStudioVersion = 10.0.40219.1
Project("{FAE04EC0-301F-11D3-BF4B-00C04F79EFBC}") = "1 зад", "1 зад.csproj", "{9A233164-F75E-41BB-B946-065F6071751D}"
EndProject
Global
	GlobalSection(SolutionConfigurationPlatforms) = preSolution
		Debug|Any CPU = Debug|Any CPU
		Release|Any CPU = Release|Any CPU
	EndGlobalSection
	GlobalSection(ProjectConfigurationPlatforms) = postSolution
		{9A233164-F75E-41BB-B946-065F6071751D}.Debug|Any CPU.ActiveCfg = Debug|Any CPU
		{9A233164-F75E-41BB-B946-065F6071751D}.Debug|Any CPU.Build.0 = Debug|Any CPU
		{9A233164-F75E-41BB-B946-065F6071751D}.Release|Any CPU.ActiveCfg = Release|Any CPU
		{9A233164-F75E-41BB-B946-065F6071751D}.Release|Any CPU.Build.0 = Release|Any CPU
	EndGlobalSection
	GlobalSection(SolutionProperties) = preSolution
		HideSolutionNode = FALSE
	EndGlobalSection
	GlobalSection(ExtensibilityGlobals) = postSolution
		SolutionGuid = {BA18EF66-A555-4C76-B61A-7E058A13B924}
	EndGlobalSection
EndGlobal
