
Microsoft Visual Studio Solution File, Format Version 12.00
# Visual Studio Version 17
VisualStudioVersion = 17.3.32825.248
MinimumVisualStudioVersion = 10.0.40219.1
Project("{FAE04EC0-301F-11D3-BF4B-00C04F79EFBC}") = "2", "2.csproj", "{B28A9801-FEFC-409B-A43B-1F00DC302B16}"
EndProject
Global
	GlobalSection(SolutionConfigurationPlatforms) = preSolution
		Debug|Any CPU = Debug|Any CPU
		Release|Any CPU = Release|Any CPU
	EndGlobalSection
	GlobalSection(ProjectConfigurationPlatforms) = postSolution
		{B28A9801-FEFC-409B-A43B-1F00DC302B16}.Debug|Any CPU.ActiveCfg = Debug|Any CPU
		{B28A9801-FEFC-409B-A43B-1F00DC302B16}.Debug|Any CPU.Build.0 = Debug|Any CPU
		{B28A9801-FEFC-409B-A43B-1F00DC302B16}.Release|Any CPU.ActiveCfg = Release|Any CPU
		{B28A9801-FEFC-409B-A43B-1F00DC302B16}.Release|Any CPU.Build.0 = Release|Any CPU
	EndGlobalSection
	GlobalSection(SolutionProperties) = preSolution
		HideSolutionNode = FALSE
	EndGlobalSection
	GlobalSection(ExtensibilityGlobals) = postSolution
		SolutionGuid = {F0B81CE6-33D3-4DBB-9D99-312935D6C184}
	EndGlobalSection
EndGlobal
