
Microsoft Visual Studio Solution File, Format Version 12.00
# Visual Studio Version 17
VisualStudioVersion = 17.3.32825.248
MinimumVisualStudioVersion = 10.0.40219.1
Project("{FAE04EC0-301F-11D3-BF4B-00C04F79EFBC}") = "6", "6.csproj", "{72931835-6C5B-4A7D-81D8-E14F08942243}"
EndProject
Global
	GlobalSection(SolutionConfigurationPlatforms) = preSolution
		Debug|Any CPU = Debug|Any CPU
		Release|Any CPU = Release|Any CPU
	EndGlobalSection
	GlobalSection(ProjectConfigurationPlatforms) = postSolution
		{72931835-6C5B-4A7D-81D8-E14F08942243}.Debug|Any CPU.ActiveCfg = Debug|Any CPU
		{72931835-6C5B-4A7D-81D8-E14F08942243}.Debug|Any CPU.Build.0 = Debug|Any CPU
		{72931835-6C5B-4A7D-81D8-E14F08942243}.Release|Any CPU.ActiveCfg = Release|Any CPU
		{72931835-6C5B-4A7D-81D8-E14F08942243}.Release|Any CPU.Build.0 = Release|Any CPU
	EndGlobalSection
	GlobalSection(SolutionProperties) = preSolution
		HideSolutionNode = FALSE
	EndGlobalSection
	GlobalSection(ExtensibilityGlobals) = postSolution
		SolutionGuid = {3B802D82-EA8C-4AB5-A0D4-C9746BF791D9}
	EndGlobalSection
EndGlobal
