
Microsoft Visual Studio Solution File, Format Version 12.00
# Visual Studio Version 17
VisualStudioVersion = 17.3.32825.248
MinimumVisualStudioVersion = 10.0.40219.1
Project("{FAE04EC0-301F-11D3-BF4B-00C04F79EFBC}") = "2зад", "2зад.csproj", "{169243AB-B37E-4147-983E-1D83EEC957F5}"
EndProject
Global
	GlobalSection(SolutionConfigurationPlatforms) = preSolution
		Debug|Any CPU = Debug|Any CPU
		Release|Any CPU = Release|Any CPU
	EndGlobalSection
	GlobalSection(ProjectConfigurationPlatforms) = postSolution
		{169243AB-B37E-4147-983E-1D83EEC957F5}.Debug|Any CPU.ActiveCfg = Debug|Any CPU
		{169243AB-B37E-4147-983E-1D83EEC957F5}.Debug|Any CPU.Build.0 = Debug|Any CPU
		{169243AB-B37E-4147-983E-1D83EEC957F5}.Release|Any CPU.ActiveCfg = Release|Any CPU
		{169243AB-B37E-4147-983E-1D83EEC957F5}.Release|Any CPU.Build.0 = Release|Any CPU
	EndGlobalSection
	GlobalSection(SolutionProperties) = preSolution
		HideSolutionNode = FALSE
	EndGlobalSection
	GlobalSection(ExtensibilityGlobals) = postSolution
		SolutionGuid = {29889E91-8677-40F2-98EE-48DFF61DEF5D}
	EndGlobalSection
EndGlobal
