
Microsoft Visual Studio Solution File, Format Version 12.00
# Visual Studio Version 17
VisualStudioVersion = 17.3.32825.248
MinimumVisualStudioVersion = 10.0.40219.1
Project("{FAE04EC0-301F-11D3-BF4B-00C04F79EFBC}") = "9", "9.csproj", "{F67A44E3-F427-4C27-AD39-7D25D8B41539}"
EndProject
Global
	GlobalSection(SolutionConfigurationPlatforms) = preSolution
		Debug|Any CPU = Debug|Any CPU
		Release|Any CPU = Release|Any CPU
	EndGlobalSection
	GlobalSection(ProjectConfigurationPlatforms) = postSolution
		{F67A44E3-F427-4C27-AD39-7D25D8B41539}.Debug|Any CPU.ActiveCfg = Debug|Any CPU
		{F67A44E3-F427-4C27-AD39-7D25D8B41539}.Debug|Any CPU.Build.0 = Debug|Any CPU
		{F67A44E3-F427-4C27-AD39-7D25D8B41539}.Release|Any CPU.ActiveCfg = Release|Any CPU
		{F67A44E3-F427-4C27-AD39-7D25D8B41539}.Release|Any CPU.Build.0 = Release|Any CPU
	EndGlobalSection
	GlobalSection(SolutionProperties) = preSolution
		HideSolutionNode = FALSE
	EndGlobalSection
	GlobalSection(ExtensibilityGlobals) = postSolution
		SolutionGuid = {F05A96BA-D3D6-47D1-A65C-F81AB7515604}
	EndGlobalSection
EndGlobal
