
Microsoft Visual Studio Solution File, Format Version 12.00
# Visual Studio Version 17
VisualStudioVersion = 17.3.32825.248
MinimumVisualStudioVersion = 10.0.40219.1
Project("{FAE04EC0-301F-11D3-BF4B-00C04F79EFBC}") = "7 зад", "7 зад.csproj", "{997F64F6-7C93-4817-B75C-15EE290D6810}"
EndProject
Global
	GlobalSection(SolutionConfigurationPlatforms) = preSolution
		Debug|Any CPU = Debug|Any CPU
		Release|Any CPU = Release|Any CPU
	EndGlobalSection
	GlobalSection(ProjectConfigurationPlatforms) = postSolution
		{997F64F6-7C93-4817-B75C-15EE290D6810}.Debug|Any CPU.ActiveCfg = Debug|Any CPU
		{997F64F6-7C93-4817-B75C-15EE290D6810}.Debug|Any CPU.Build.0 = Debug|Any CPU
		{997F64F6-7C93-4817-B75C-15EE290D6810}.Release|Any CPU.ActiveCfg = Release|Any CPU
		{997F64F6-7C93-4817-B75C-15EE290D6810}.Release|Any CPU.Build.0 = Release|Any CPU
	EndGlobalSection
	GlobalSection(SolutionProperties) = preSolution
		HideSolutionNode = FALSE
	EndGlobalSection
	GlobalSection(ExtensibilityGlobals) = postSolution
		SolutionGuid = {9C69206A-DC5F-49F3-AFAB-4E7DE6C26554}
	EndGlobalSection
EndGlobal
