
Microsoft Visual Studio Solution File, Format Version 12.00
# Visual Studio Version 17
VisualStudioVersion = 17.3.32825.248
MinimumVisualStudioVersion = 10.0.40219.1
Project("{FAE04EC0-301F-11D3-BF4B-00C04F79EFBC}") = "5 зад", "5 зад.csproj", "{3D5FB8E6-78D0-4EA3-B435-A205CA9ACEB5}"
EndProject
Global
	GlobalSection(SolutionConfigurationPlatforms) = preSolution
		Debug|Any CPU = Debug|Any CPU
		Release|Any CPU = Release|Any CPU
	EndGlobalSection
	GlobalSection(ProjectConfigurationPlatforms) = postSolution
		{3D5FB8E6-78D0-4EA3-B435-A205CA9ACEB5}.Debug|Any CPU.ActiveCfg = Debug|Any CPU
		{3D5FB8E6-78D0-4EA3-B435-A205CA9ACEB5}.Debug|Any CPU.Build.0 = Debug|Any CPU
		{3D5FB8E6-78D0-4EA3-B435-A205CA9ACEB5}.Release|Any CPU.ActiveCfg = Release|Any CPU
		{3D5FB8E6-78D0-4EA3-B435-A205CA9ACEB5}.Release|Any CPU.Build.0 = Release|Any CPU
	EndGlobalSection
	GlobalSection(SolutionProperties) = preSolution
		HideSolutionNode = FALSE
	EndGlobalSection
	GlobalSection(ExtensibilityGlobals) = postSolution
		SolutionGuid = {A3B7008F-FC7F-4044-AC14-56456DD39201}
	EndGlobalSection
EndGlobal
