
Microsoft Visual Studio Solution File, Format Version 12.00
# Visual Studio Version 17
VisualStudioVersion = 17.3.32825.248
MinimumVisualStudioVersion = 10.0.40219.1
Project("{FAE04EC0-301F-11D3-BF4B-00C04F79EFBC}") = "1зад", "1зад.csproj", "{890F4BEC-F053-42B9-8BF3-B00EA362F28A}"
EndProject
Global
	GlobalSection(SolutionConfigurationPlatforms) = preSolution
		Debug|Any CPU = Debug|Any CPU
		Release|Any CPU = Release|Any CPU
	EndGlobalSection
	GlobalSection(ProjectConfigurationPlatforms) = postSolution
		{890F4BEC-F053-42B9-8BF3-B00EA362F28A}.Debug|Any CPU.ActiveCfg = Debug|Any CPU
		{890F4BEC-F053-42B9-8BF3-B00EA362F28A}.Debug|Any CPU.Build.0 = Debug|Any CPU
		{890F4BEC-F053-42B9-8BF3-B00EA362F28A}.Release|Any CPU.ActiveCfg = Release|Any CPU
		{890F4BEC-F053-42B9-8BF3-B00EA362F28A}.Release|Any CPU.Build.0 = Release|Any CPU
	EndGlobalSection
	GlobalSection(SolutionProperties) = preSolution
		HideSolutionNode = FALSE
	EndGlobalSection
	GlobalSection(ExtensibilityGlobals) = postSolution
		SolutionGuid = {3BB42BAF-BFE7-4EA3-81B9-E15F1C19C06F}
	EndGlobalSection
EndGlobal
